
Microsoft Visual Studio Solution File, Format Version 12.00
# Visual Studio Version 16
VisualStudioVersion = 16.0.30413.136
MinimumVisualStudioVersion = 10.0.40219.1
Project("{8BC9CEB8-8B4A-11D0-8D11-00A0C91BC942}") = "Networking_Class_1", "Networking_Class_1\Networking_Class_1.vcxproj", "{114AB58C-FE8C-4B39-857C-55B9D58314E5}"
EndProject
Global
	GlobalSection(SolutionConfigurationPlatforms) = preSolution
		Debug|x64 = Debug|x64
		Debug|x86 = Debug|x86
		Release|x64 = Release|x64
		Release|x86 = Release|x86
	EndGlobalSection
	GlobalSection(ProjectConfigurationPlatforms) = postSolution
		{114AB58C-FE8C-4B39-857C-55B9D58314E5}.Debug|x64.ActiveCfg = Debug|x64
		{114AB58C-FE8C-4B39-857C-55B9D58314E5}.Debug|x64.Build.0 = Debug|x64
		{114AB58C-FE8C-4B39-857C-55B9D58314E5}.Debug|x86.ActiveCfg = Debug|Win32
		{114AB58C-FE8C-4B39-857C-55B9D58314E5}.Debug|x86.Build.0 = Debug|Win32
		{114AB58C-FE8C-4B39-857C-55B9D58314E5}.Release|x64.ActiveCfg = Release|x64
		{114AB58C-FE8C-4B39-857C-55B9D58314E5}.Release|x64.Build.0 = Release|x64
		{114AB58C-FE8C-4B39-857C-55B9D58314E5}.Release|x86.ActiveCfg = Release|Win32
		{114AB58C-FE8C-4B39-857C-55B9D58314E5}.Release|x86.Build.0 = Release|Win32
	EndGlobalSection
	GlobalSection(SolutionProperties) = preSolution
		HideSolutionNode = FALSE
	EndGlobalSection
	GlobalSection(ExtensibilityGlobals) = postSolution
		SolutionGuid = {E4C9A685-4D0B-4501-8586-7655F2C4A687}
	EndGlobalSection
EndGlobal
